
Microsoft Visual Studio Solution File, Format Version 12.00
# Visual Studio 15
VisualStudioVersion = 15.0.27130.2010
MinimumVisualStudioVersion = 10.0.40219.1
Project("{FAE04EC0-301F-11D3-BF4B-00C04F79EFBC}") = "NCDK", "NCDK\NCDK.csproj", "{B0B5EACF-5F39-42D0-BACD-1FF559CCC8B2}"
EndProject
Project("{2150E333-8FDC-42A3-9474-1A3956D46DE8}") = "Solution Items", "Solution Items", "{3ED0556C-42B8-4FEF-9606-B0474A2E69D2}"
	ProjectSection(SolutionItems) = preProject
		ChemObjectConfig.ttinclude = ChemObjectConfig.ttinclude
		Config.ttinclude = Config.ttinclude
	EndProjectSection
EndProject
Project("{FAE04EC0-301F-11D3-BF4B-00C04F79EFBC}") = "NCDKTests", "NCDKTests\NCDKTests.csproj", "{20CDE36F-227D-4181-9D49-538581A3ADF0}"
EndProject
Global
	GlobalSection(SolutionConfigurationPlatforms) = preSolution
		Analysis|Any CPU = Analysis|Any CPU
		Analysis|x64 = Analysis|x64
		Analysis|x86 = Analysis|x86
		Debug|Any CPU = Debug|Any CPU
		Debug|x64 = Debug|x64
		Debug|x86 = Debug|x86
		Release|Any CPU = Release|Any CPU
		Release|x64 = Release|x64
		Release|x86 = Release|x86
		Test|Any CPU = Test|Any CPU
		Test|x64 = Test|x64
		Test|x86 = Test|x86
	EndGlobalSection
	GlobalSection(ProjectConfigurationPlatforms) = postSolution
		{B0B5EACF-5F39-42D0-BACD-1FF559CCC8B2}.Analysis|Any CPU.ActiveCfg = Release|Any CPU
		{B0B5EACF-5F39-42D0-BACD-1FF559CCC8B2}.Analysis|Any CPU.Build.0 = Release|Any CPU
		{B0B5EACF-5F39-42D0-BACD-1FF559CCC8B2}.Analysis|x64.ActiveCfg = Release|Any CPU
		{B0B5EACF-5F39-42D0-BACD-1FF559CCC8B2}.Analysis|x64.Build.0 = Release|Any CPU
		{B0B5EACF-5F39-42D0-BACD-1FF559CCC8B2}.Analysis|x86.ActiveCfg = Release|Any CPU
		{B0B5EACF-5F39-42D0-BACD-1FF559CCC8B2}.Analysis|x86.Build.0 = Release|Any CPU
		{B0B5EACF-5F39-42D0-BACD-1FF559CCC8B2}.Debug|Any CPU.ActiveCfg = Debug|Any CPU
		{B0B5EACF-5F39-42D0-BACD-1FF559CCC8B2}.Debug|Any CPU.Build.0 = Debug|Any CPU
		{B0B5EACF-5F39-42D0-BACD-1FF559CCC8B2}.Debug|x64.ActiveCfg = Debug|Any CPU
		{B0B5EACF-5F39-42D0-BACD-1FF559CCC8B2}.Debug|x64.Build.0 = Debug|Any CPU
		{B0B5EACF-5F39-42D0-BACD-1FF559CCC8B2}.Debug|x86.ActiveCfg = Debug|Any CPU
		{B0B5EACF-5F39-42D0-BACD-1FF559CCC8B2}.Debug|x86.Build.0 = Debug|Any CPU
		{B0B5EACF-5F39-42D0-BACD-1FF559CCC8B2}.Release|Any CPU.ActiveCfg = Release|Any CPU
		{B0B5EACF-5F39-42D0-BACD-1FF559CCC8B2}.Release|Any CPU.Build.0 = Release|Any CPU
		{B0B5EACF-5F39-42D0-BACD-1FF559CCC8B2}.Release|x64.ActiveCfg = Release|Any CPU
		{B0B5EACF-5F39-42D0-BACD-1FF559CCC8B2}.Release|x64.Build.0 = Release|Any CPU
		{B0B5EACF-5F39-42D0-BACD-1FF559CCC8B2}.Release|x86.ActiveCfg = Release|Any CPU
		{B0B5EACF-5F39-42D0-BACD-1FF559CCC8B2}.Release|x86.Build.0 = Release|Any CPU
		{B0B5EACF-5F39-42D0-BACD-1FF559CCC8B2}.Test|Any CPU.ActiveCfg = Release|Any CPU
		{B0B5EACF-5F39-42D0-BACD-1FF559CCC8B2}.Test|Any CPU.Build.0 = Release|Any CPU
		{B0B5EACF-5F39-42D0-BACD-1FF559CCC8B2}.Test|x64.ActiveCfg = Release|Any CPU
		{B0B5EACF-5F39-42D0-BACD-1FF559CCC8B2}.Test|x64.Build.0 = Release|Any CPU
		{B0B5EACF-5F39-42D0-BACD-1FF559CCC8B2}.Test|x86.ActiveCfg = Release|Any CPU
		{B0B5EACF-5F39-42D0-BACD-1FF559CCC8B2}.Test|x86.Build.0 = Release|Any CPU
		{20CDE36F-227D-4181-9D49-538581A3ADF0}.Analysis|Any CPU.ActiveCfg = Release|Any CPU
		{20CDE36F-227D-4181-9D49-538581A3ADF0}.Analysis|Any CPU.Build.0 = Release|Any CPU
		{20CDE36F-227D-4181-9D49-538581A3ADF0}.Analysis|x64.ActiveCfg = Release|Any CPU
		{20CDE36F-227D-4181-9D49-538581A3ADF0}.Analysis|x64.Build.0 = Release|Any CPU
		{20CDE36F-227D-4181-9D49-538581A3ADF0}.Analysis|x86.ActiveCfg = Release|Any CPU
		{20CDE36F-227D-4181-9D49-538581A3ADF0}.Analysis|x86.Build.0 = Release|Any CPU
		{20CDE36F-227D-4181-9D49-538581A3ADF0}.Debug|Any CPU.ActiveCfg = Debug|Any CPU
		{20CDE36F-227D-4181-9D49-538581A3ADF0}.Debug|Any CPU.Build.0 = Debug|Any CPU
		{20CDE36F-227D-4181-9D49-538581A3ADF0}.Debug|x64.ActiveCfg = Debug|Any CPU
		{20CDE36F-227D-4181-9D49-538581A3ADF0}.Debug|x64.Build.0 = Debug|Any CPU
		{20CDE36F-227D-4181-9D49-538581A3ADF0}.Debug|x86.ActiveCfg = Debug|Any CPU
		{20CDE36F-227D-4181-9D49-538581A3ADF0}.Debug|x86.Build.0 = Debug|Any CPU
		{20CDE36F-227D-4181-9D49-538581A3ADF0}.Release|Any CPU.ActiveCfg = Release|Any CPU
		{20CDE36F-227D-4181-9D49-538581A3ADF0}.Release|Any CPU.Build.0 = Release|Any CPU
		{20CDE36F-227D-4181-9D49-538581A3ADF0}.Release|x64.ActiveCfg = Release|Any CPU
		{20CDE36F-227D-4181-9D49-538581A3ADF0}.Release|x64.Build.0 = Release|Any CPU
		{20CDE36F-227D-4181-9D49-538581A3ADF0}.Release|x86.ActiveCfg = Release|Any CPU
		{20CDE36F-227D-4181-9D49-538581A3ADF0}.Release|x86.Build.0 = Release|Any CPU
		{20CDE36F-227D-4181-9D49-538581A3ADF0}.Test|Any CPU.ActiveCfg = Release|Any CPU
		{20CDE36F-227D-4181-9D49-538581A3ADF0}.Test|Any CPU.Build.0 = Release|Any CPU
		{20CDE36F-227D-4181-9D49-538581A3ADF0}.Test|x64.ActiveCfg = Release|Any CPU
		{20CDE36F-227D-4181-9D49-538581A3ADF0}.Test|x64.Build.0 = Release|Any CPU
		{20CDE36F-227D-4181-9D49-538581A3ADF0}.Test|x86.ActiveCfg = Release|Any CPU
		{20CDE36F-227D-4181-9D49-538581A3ADF0}.Test|x86.Build.0 = Release|Any CPU
	EndGlobalSection
	GlobalSection(SolutionProperties) = preSolution
		HideSolutionNode = FALSE
	EndGlobalSection
	GlobalSection(ExtensibilityGlobals) = postSolution
		SolutionGuid = {5EAD72FB-FC8B-47B5-8F8E-DD9ADDEE20C3}
	EndGlobalSection
EndGlobal
