
Microsoft Visual Studio Solution File, Format Version 12.00
# Visual Studio Version 16
VisualStudioVersion = 16.0.28407.52
MinimumVisualStudioVersion = 10.0.40219.1
Project("{2150E333-8FDC-42A3-9474-1A3956D46DE8}") = "Solution Items", "Solution Items", "{3ED0556C-42B8-4FEF-9606-B0474A2E69D2}"
	ProjectSection(SolutionItems) = preProject
		ChemObjectConfig.ttinclude = ChemObjectConfig.ttinclude
		Config.ttinclude = Config.ttinclude
		IncludeExamples.ttinclude = IncludeExamples.ttinclude
	EndProjectSection
EndProject
Project("{9A19103F-16F7-4668-BE54-9A1E7A4F7556}") = "NCDK", "NCDK\NCDK.csproj", "{B0B5EACF-5F39-42D0-BACD-1FF559CCC8B2}"
EndProject
Project("{9A19103F-16F7-4668-BE54-9A1E7A4F7556}") = "NCDKTests", "NCDKTests\NCDKTests.csproj", "{20CDE36F-227D-4181-9D49-538581A3ADF0}"
EndProject
Project("{9A19103F-16F7-4668-BE54-9A1E7A4F7556}") = "MolViewer", "MolViewer\MolViewer.csproj", "{D7CA78A9-2F56-4FDD-883B-37C237569FAA}"
EndProject
Project("{FAE04EC0-301F-11D3-BF4B-00C04F79EFBC}") = "ExampleCodes", "ExampleCodes\ExampleCodes.csproj", "{5634D0C3-3151-4820-ACEB-7BF02A2F1693}"
EndProject
Project("{9A19103F-16F7-4668-BE54-9A1E7A4F7556}") = "NCDKDisplay", "NCDKDisplay\NCDKDisplay.csproj", "{23F53D3E-0C67-4329-9EEA-BAC8210E330E}"
EndProject
Project("{9A19103F-16F7-4668-BE54-9A1E7A4F7556}") = "NCDKDisplayTests", "NCDKDisplayTests\NCDKDisplayTests.csproj", "{FAC8F4C0-8821-43D0-88B4-FCF4815E6C31}"
EndProject
Global
	GlobalSection(SolutionConfigurationPlatforms) = preSolution
		Debug|Any CPU = Debug|Any CPU
		Debug|x64 = Debug|x64
		Debug|x86 = Debug|x86
		Release|Any CPU = Release|Any CPU
		Release|x64 = Release|x64
		Release|x86 = Release|x86
	EndGlobalSection
	GlobalSection(ProjectConfigurationPlatforms) = postSolution
		{B0B5EACF-5F39-42D0-BACD-1FF559CCC8B2}.Debug|Any CPU.ActiveCfg = Debug|Any CPU
		{B0B5EACF-5F39-42D0-BACD-1FF559CCC8B2}.Debug|Any CPU.Build.0 = Debug|Any CPU
		{B0B5EACF-5F39-42D0-BACD-1FF559CCC8B2}.Debug|x64.ActiveCfg = Debug|Any CPU
		{B0B5EACF-5F39-42D0-BACD-1FF559CCC8B2}.Debug|x64.Build.0 = Debug|Any CPU
		{B0B5EACF-5F39-42D0-BACD-1FF559CCC8B2}.Debug|x86.ActiveCfg = Debug|Any CPU
		{B0B5EACF-5F39-42D0-BACD-1FF559CCC8B2}.Debug|x86.Build.0 = Debug|Any CPU
		{B0B5EACF-5F39-42D0-BACD-1FF559CCC8B2}.Release|Any CPU.ActiveCfg = Release|Any CPU
		{B0B5EACF-5F39-42D0-BACD-1FF559CCC8B2}.Release|Any CPU.Build.0 = Release|Any CPU
		{B0B5EACF-5F39-42D0-BACD-1FF559CCC8B2}.Release|x64.ActiveCfg = Release|Any CPU
		{B0B5EACF-5F39-42D0-BACD-1FF559CCC8B2}.Release|x64.Build.0 = Release|Any CPU
		{B0B5EACF-5F39-42D0-BACD-1FF559CCC8B2}.Release|x86.ActiveCfg = Release|Any CPU
		{B0B5EACF-5F39-42D0-BACD-1FF559CCC8B2}.Release|x86.Build.0 = Release|Any CPU
		{20CDE36F-227D-4181-9D49-538581A3ADF0}.Debug|Any CPU.ActiveCfg = Debug|Any CPU
		{20CDE36F-227D-4181-9D49-538581A3ADF0}.Debug|Any CPU.Build.0 = Debug|Any CPU
		{20CDE36F-227D-4181-9D49-538581A3ADF0}.Debug|x64.ActiveCfg = Debug|Any CPU
		{20CDE36F-227D-4181-9D49-538581A3ADF0}.Debug|x64.Build.0 = Debug|Any CPU
		{20CDE36F-227D-4181-9D49-538581A3ADF0}.Debug|x86.ActiveCfg = Debug|Any CPU
		{20CDE36F-227D-4181-9D49-538581A3ADF0}.Debug|x86.Build.0 = Debug|Any CPU
		{20CDE36F-227D-4181-9D49-538581A3ADF0}.Release|Any CPU.ActiveCfg = Release|Any CPU
		{20CDE36F-227D-4181-9D49-538581A3ADF0}.Release|Any CPU.Build.0 = Release|Any CPU
		{20CDE36F-227D-4181-9D49-538581A3ADF0}.Release|x64.ActiveCfg = Release|Any CPU
		{20CDE36F-227D-4181-9D49-538581A3ADF0}.Release|x64.Build.0 = Release|Any CPU
		{20CDE36F-227D-4181-9D49-538581A3ADF0}.Release|x86.ActiveCfg = Release|Any CPU
		{20CDE36F-227D-4181-9D49-538581A3ADF0}.Release|x86.Build.0 = Release|Any CPU
		{D7CA78A9-2F56-4FDD-883B-37C237569FAA}.Debug|Any CPU.ActiveCfg = Debug|Any CPU
		{D7CA78A9-2F56-4FDD-883B-37C237569FAA}.Debug|Any CPU.Build.0 = Debug|Any CPU
		{D7CA78A9-2F56-4FDD-883B-37C237569FAA}.Debug|x64.ActiveCfg = Debug|Any CPU
		{D7CA78A9-2F56-4FDD-883B-37C237569FAA}.Debug|x64.Build.0 = Debug|Any CPU
		{D7CA78A9-2F56-4FDD-883B-37C237569FAA}.Debug|x86.ActiveCfg = Debug|Any CPU
		{D7CA78A9-2F56-4FDD-883B-37C237569FAA}.Debug|x86.Build.0 = Debug|Any CPU
		{D7CA78A9-2F56-4FDD-883B-37C237569FAA}.Release|Any CPU.ActiveCfg = Release|Any CPU
		{D7CA78A9-2F56-4FDD-883B-37C237569FAA}.Release|Any CPU.Build.0 = Release|Any CPU
		{D7CA78A9-2F56-4FDD-883B-37C237569FAA}.Release|x64.ActiveCfg = Release|Any CPU
		{D7CA78A9-2F56-4FDD-883B-37C237569FAA}.Release|x64.Build.0 = Release|Any CPU
		{D7CA78A9-2F56-4FDD-883B-37C237569FAA}.Release|x86.ActiveCfg = Release|Any CPU
		{D7CA78A9-2F56-4FDD-883B-37C237569FAA}.Release|x86.Build.0 = Release|Any CPU
		{5634D0C3-3151-4820-ACEB-7BF02A2F1693}.Debug|Any CPU.ActiveCfg = Debug|Any CPU
		{5634D0C3-3151-4820-ACEB-7BF02A2F1693}.Debug|Any CPU.Build.0 = Debug|Any CPU
		{5634D0C3-3151-4820-ACEB-7BF02A2F1693}.Debug|x64.ActiveCfg = Debug|Any CPU
		{5634D0C3-3151-4820-ACEB-7BF02A2F1693}.Debug|x64.Build.0 = Debug|Any CPU
		{5634D0C3-3151-4820-ACEB-7BF02A2F1693}.Debug|x86.ActiveCfg = Debug|Any CPU
		{5634D0C3-3151-4820-ACEB-7BF02A2F1693}.Debug|x86.Build.0 = Debug|Any CPU
		{5634D0C3-3151-4820-ACEB-7BF02A2F1693}.Release|Any CPU.ActiveCfg = Release|Any CPU
		{5634D0C3-3151-4820-ACEB-7BF02A2F1693}.Release|Any CPU.Build.0 = Release|Any CPU
		{5634D0C3-3151-4820-ACEB-7BF02A2F1693}.Release|x64.ActiveCfg = Release|Any CPU
		{5634D0C3-3151-4820-ACEB-7BF02A2F1693}.Release|x64.Build.0 = Release|Any CPU
		{5634D0C3-3151-4820-ACEB-7BF02A2F1693}.Release|x86.ActiveCfg = Release|Any CPU
		{5634D0C3-3151-4820-ACEB-7BF02A2F1693}.Release|x86.Build.0 = Release|Any CPU
		{23F53D3E-0C67-4329-9EEA-BAC8210E330E}.Debug|Any CPU.ActiveCfg = Debug|Any CPU
		{23F53D3E-0C67-4329-9EEA-BAC8210E330E}.Debug|Any CPU.Build.0 = Debug|Any CPU
		{23F53D3E-0C67-4329-9EEA-BAC8210E330E}.Debug|x64.ActiveCfg = Debug|Any CPU
		{23F53D3E-0C67-4329-9EEA-BAC8210E330E}.Debug|x64.Build.0 = Debug|Any CPU
		{23F53D3E-0C67-4329-9EEA-BAC8210E330E}.Debug|x86.ActiveCfg = Debug|Any CPU
		{23F53D3E-0C67-4329-9EEA-BAC8210E330E}.Debug|x86.Build.0 = Debug|Any CPU
		{23F53D3E-0C67-4329-9EEA-BAC8210E330E}.Release|Any CPU.ActiveCfg = Release|Any CPU
		{23F53D3E-0C67-4329-9EEA-BAC8210E330E}.Release|Any CPU.Build.0 = Release|Any CPU
		{23F53D3E-0C67-4329-9EEA-BAC8210E330E}.Release|x64.ActiveCfg = Release|Any CPU
		{23F53D3E-0C67-4329-9EEA-BAC8210E330E}.Release|x64.Build.0 = Release|Any CPU
		{23F53D3E-0C67-4329-9EEA-BAC8210E330E}.Release|x86.ActiveCfg = Release|Any CPU
		{23F53D3E-0C67-4329-9EEA-BAC8210E330E}.Release|x86.Build.0 = Release|Any CPU
		{FAC8F4C0-8821-43D0-88B4-FCF4815E6C31}.Debug|Any CPU.ActiveCfg = Debug|Any CPU
		{FAC8F4C0-8821-43D0-88B4-FCF4815E6C31}.Debug|Any CPU.Build.0 = Debug|Any CPU
		{FAC8F4C0-8821-43D0-88B4-FCF4815E6C31}.Debug|x64.ActiveCfg = Debug|Any CPU
		{FAC8F4C0-8821-43D0-88B4-FCF4815E6C31}.Debug|x64.Build.0 = Debug|Any CPU
		{FAC8F4C0-8821-43D0-88B4-FCF4815E6C31}.Debug|x86.ActiveCfg = Debug|Any CPU
		{FAC8F4C0-8821-43D0-88B4-FCF4815E6C31}.Debug|x86.Build.0 = Debug|Any CPU
		{FAC8F4C0-8821-43D0-88B4-FCF4815E6C31}.Release|Any CPU.ActiveCfg = Release|Any CPU
		{FAC8F4C0-8821-43D0-88B4-FCF4815E6C31}.Release|Any CPU.Build.0 = Release|Any CPU
		{FAC8F4C0-8821-43D0-88B4-FCF4815E6C31}.Release|x64.ActiveCfg = Release|Any CPU
		{FAC8F4C0-8821-43D0-88B4-FCF4815E6C31}.Release|x64.Build.0 = Release|Any CPU
		{FAC8F4C0-8821-43D0-88B4-FCF4815E6C31}.Release|x86.ActiveCfg = Release|Any CPU
		{FAC8F4C0-8821-43D0-88B4-FCF4815E6C31}.Release|x86.Build.0 = Release|Any CPU
	EndGlobalSection
	GlobalSection(SolutionProperties) = preSolution
		HideSolutionNode = FALSE
	EndGlobalSection
	GlobalSection(ExtensibilityGlobals) = postSolution
		SolutionGuid = {01BADA2B-4BE3-418D-9BEA-875FFD9551CE}
	EndGlobalSection
	GlobalSection(Performance) = preSolution
		HasPerformanceSessions = true
	EndGlobalSection
EndGlobal
