
Microsoft Visual Studio Solution File, Format Version 12.00
# Visual Studio 15
VisualStudioVersion = 15.0.27130.2024
MinimumVisualStudioVersion = 10.0.40219.1
Project("{2150E333-8FDC-42A3-9474-1A3956D46DE8}") = "Solution Items", "Solution Items", "{3ED0556C-42B8-4FEF-9606-B0474A2E69D2}"
	ProjectSection(SolutionItems) = preProject
		ChemObjectConfig.ttinclude = ChemObjectConfig.ttinclude
		Config.ttinclude = Config.ttinclude
		IncludeExamples.ttinclude = IncludeExamples.ttinclude
	EndProjectSection
EndProject
Project("{9A19103F-16F7-4668-BE54-9A1E7A4F7556}") = "NCDK", "NCDK\NCDK.csproj", "{B0B5EACF-5F39-42D0-BACD-1FF559CCC8B2}"
EndProject
Project("{9A19103F-16F7-4668-BE54-9A1E7A4F7556}") = "NCDKTests", "NCDKTests\NCDKTests.csproj", "{20CDE36F-227D-4181-9D49-538581A3ADF0}"
EndProject
Project("{9A19103F-16F7-4668-BE54-9A1E7A4F7556}") = "NCDK.Display", "NCDK.Display\NCDK.Display.csproj", "{60B8BEBC-9968-44A7-AB0B-11C03116579D}"
EndProject
Project("{9A19103F-16F7-4668-BE54-9A1E7A4F7556}") = "NCDK.DisplayTests", "NCDK.DisplayTests\NCDK.DisplayTests.csproj", "{BFAAC249-7477-42CA-846B-74B58DA45847}"
EndProject
Project("{FAE04EC0-301F-11D3-BF4B-00C04F79EFBC}") = "MolViewer", "MolViewer\MolViewer.csproj", "{6D6E44EC-A467-461F-AF6B-83A9D575EF76}"
EndProject
Project("{FAE04EC0-301F-11D3-BF4B-00C04F79EFBC}") = "ExampleCodes", "ExampleCodes\ExampleCodes.csproj", "{8E0BEC7D-2EE7-4141-8AD8-C51C8737DDFD}"
EndProject
Project("{FAE04EC0-301F-11D3-BF4B-00C04F79EFBC}") = "NCDK.Legacy", "NCDK.Legacy\NCDK.Legacy.csproj", "{D69ED942-9971-4F54-884D-4D795F74C6A4}"
EndProject
Project("{FAE04EC0-301F-11D3-BF4B-00C04F79EFBC}") = "NCDK.LegacyTests", "NCDK.LegacyTests\NCDK.LegacyTests.csproj", "{0D2DEB01-1870-404D-A080-3788B46608D1}"
EndProject
Global
	GlobalSection(SolutionConfigurationPlatforms) = preSolution
		Debug|Any CPU = Debug|Any CPU
		Debug|x64 = Debug|x64
		Debug|x86 = Debug|x86
		Release|Any CPU = Release|Any CPU
		Release|x64 = Release|x64
		Release|x86 = Release|x86
	EndGlobalSection
	GlobalSection(ProjectConfigurationPlatforms) = postSolution
		{B0B5EACF-5F39-42D0-BACD-1FF559CCC8B2}.Debug|Any CPU.ActiveCfg = Debug|Any CPU
		{B0B5EACF-5F39-42D0-BACD-1FF559CCC8B2}.Debug|Any CPU.Build.0 = Debug|Any CPU
		{B0B5EACF-5F39-42D0-BACD-1FF559CCC8B2}.Debug|x64.ActiveCfg = Debug|Any CPU
		{B0B5EACF-5F39-42D0-BACD-1FF559CCC8B2}.Debug|x64.Build.0 = Debug|Any CPU
		{B0B5EACF-5F39-42D0-BACD-1FF559CCC8B2}.Debug|x86.ActiveCfg = Debug|Any CPU
		{B0B5EACF-5F39-42D0-BACD-1FF559CCC8B2}.Debug|x86.Build.0 = Debug|Any CPU
		{B0B5EACF-5F39-42D0-BACD-1FF559CCC8B2}.Release|Any CPU.ActiveCfg = Release|Any CPU
		{B0B5EACF-5F39-42D0-BACD-1FF559CCC8B2}.Release|Any CPU.Build.0 = Release|Any CPU
		{B0B5EACF-5F39-42D0-BACD-1FF559CCC8B2}.Release|x64.ActiveCfg = Release|Any CPU
		{B0B5EACF-5F39-42D0-BACD-1FF559CCC8B2}.Release|x64.Build.0 = Release|Any CPU
		{B0B5EACF-5F39-42D0-BACD-1FF559CCC8B2}.Release|x86.ActiveCfg = Release|Any CPU
		{B0B5EACF-5F39-42D0-BACD-1FF559CCC8B2}.Release|x86.Build.0 = Release|Any CPU
		{20CDE36F-227D-4181-9D49-538581A3ADF0}.Debug|Any CPU.ActiveCfg = Debug|Any CPU
		{20CDE36F-227D-4181-9D49-538581A3ADF0}.Debug|Any CPU.Build.0 = Debug|Any CPU
		{20CDE36F-227D-4181-9D49-538581A3ADF0}.Debug|x64.ActiveCfg = Debug|Any CPU
		{20CDE36F-227D-4181-9D49-538581A3ADF0}.Debug|x64.Build.0 = Debug|Any CPU
		{20CDE36F-227D-4181-9D49-538581A3ADF0}.Debug|x86.ActiveCfg = Debug|Any CPU
		{20CDE36F-227D-4181-9D49-538581A3ADF0}.Debug|x86.Build.0 = Debug|Any CPU
		{20CDE36F-227D-4181-9D49-538581A3ADF0}.Release|Any CPU.ActiveCfg = Release|Any CPU
		{20CDE36F-227D-4181-9D49-538581A3ADF0}.Release|Any CPU.Build.0 = Release|Any CPU
		{20CDE36F-227D-4181-9D49-538581A3ADF0}.Release|x64.ActiveCfg = Release|Any CPU
		{20CDE36F-227D-4181-9D49-538581A3ADF0}.Release|x64.Build.0 = Release|Any CPU
		{20CDE36F-227D-4181-9D49-538581A3ADF0}.Release|x86.ActiveCfg = Release|Any CPU
		{20CDE36F-227D-4181-9D49-538581A3ADF0}.Release|x86.Build.0 = Release|Any CPU
		{60B8BEBC-9968-44A7-AB0B-11C03116579D}.Debug|Any CPU.ActiveCfg = Debug|Any CPU
		{60B8BEBC-9968-44A7-AB0B-11C03116579D}.Debug|Any CPU.Build.0 = Debug|Any CPU
		{60B8BEBC-9968-44A7-AB0B-11C03116579D}.Debug|x64.ActiveCfg = Debug|Any CPU
		{60B8BEBC-9968-44A7-AB0B-11C03116579D}.Debug|x64.Build.0 = Debug|Any CPU
		{60B8BEBC-9968-44A7-AB0B-11C03116579D}.Debug|x86.ActiveCfg = Debug|Any CPU
		{60B8BEBC-9968-44A7-AB0B-11C03116579D}.Debug|x86.Build.0 = Debug|Any CPU
		{60B8BEBC-9968-44A7-AB0B-11C03116579D}.Release|Any CPU.ActiveCfg = Release|Any CPU
		{60B8BEBC-9968-44A7-AB0B-11C03116579D}.Release|Any CPU.Build.0 = Release|Any CPU
		{60B8BEBC-9968-44A7-AB0B-11C03116579D}.Release|x64.ActiveCfg = Release|Any CPU
		{60B8BEBC-9968-44A7-AB0B-11C03116579D}.Release|x64.Build.0 = Release|Any CPU
		{60B8BEBC-9968-44A7-AB0B-11C03116579D}.Release|x86.ActiveCfg = Release|Any CPU
		{60B8BEBC-9968-44A7-AB0B-11C03116579D}.Release|x86.Build.0 = Release|Any CPU
		{BFAAC249-7477-42CA-846B-74B58DA45847}.Debug|Any CPU.ActiveCfg = Debug|Any CPU
		{BFAAC249-7477-42CA-846B-74B58DA45847}.Debug|Any CPU.Build.0 = Debug|Any CPU
		{BFAAC249-7477-42CA-846B-74B58DA45847}.Debug|x64.ActiveCfg = Debug|Any CPU
		{BFAAC249-7477-42CA-846B-74B58DA45847}.Debug|x64.Build.0 = Debug|Any CPU
		{BFAAC249-7477-42CA-846B-74B58DA45847}.Debug|x86.ActiveCfg = Debug|Any CPU
		{BFAAC249-7477-42CA-846B-74B58DA45847}.Debug|x86.Build.0 = Debug|Any CPU
		{BFAAC249-7477-42CA-846B-74B58DA45847}.Release|Any CPU.ActiveCfg = Release|Any CPU
		{BFAAC249-7477-42CA-846B-74B58DA45847}.Release|Any CPU.Build.0 = Release|Any CPU
		{BFAAC249-7477-42CA-846B-74B58DA45847}.Release|x64.ActiveCfg = Release|Any CPU
		{BFAAC249-7477-42CA-846B-74B58DA45847}.Release|x64.Build.0 = Release|Any CPU
		{BFAAC249-7477-42CA-846B-74B58DA45847}.Release|x86.ActiveCfg = Release|Any CPU
		{BFAAC249-7477-42CA-846B-74B58DA45847}.Release|x86.Build.0 = Release|Any CPU
		{6D6E44EC-A467-461F-AF6B-83A9D575EF76}.Debug|Any CPU.ActiveCfg = Debug|Any CPU
		{6D6E44EC-A467-461F-AF6B-83A9D575EF76}.Debug|Any CPU.Build.0 = Debug|Any CPU
		{6D6E44EC-A467-461F-AF6B-83A9D575EF76}.Debug|x64.ActiveCfg = Debug|Any CPU
		{6D6E44EC-A467-461F-AF6B-83A9D575EF76}.Debug|x64.Build.0 = Debug|Any CPU
		{6D6E44EC-A467-461F-AF6B-83A9D575EF76}.Debug|x86.ActiveCfg = Debug|Any CPU
		{6D6E44EC-A467-461F-AF6B-83A9D575EF76}.Debug|x86.Build.0 = Debug|Any CPU
		{6D6E44EC-A467-461F-AF6B-83A9D575EF76}.Release|Any CPU.ActiveCfg = Release|Any CPU
		{6D6E44EC-A467-461F-AF6B-83A9D575EF76}.Release|Any CPU.Build.0 = Release|Any CPU
		{6D6E44EC-A467-461F-AF6B-83A9D575EF76}.Release|x64.ActiveCfg = Release|Any CPU
		{6D6E44EC-A467-461F-AF6B-83A9D575EF76}.Release|x64.Build.0 = Release|Any CPU
		{6D6E44EC-A467-461F-AF6B-83A9D575EF76}.Release|x86.ActiveCfg = Release|Any CPU
		{6D6E44EC-A467-461F-AF6B-83A9D575EF76}.Release|x86.Build.0 = Release|Any CPU
		{8E0BEC7D-2EE7-4141-8AD8-C51C8737DDFD}.Debug|Any CPU.ActiveCfg = Debug|Any CPU
		{8E0BEC7D-2EE7-4141-8AD8-C51C8737DDFD}.Debug|Any CPU.Build.0 = Debug|Any CPU
		{8E0BEC7D-2EE7-4141-8AD8-C51C8737DDFD}.Debug|x64.ActiveCfg = Debug|Any CPU
		{8E0BEC7D-2EE7-4141-8AD8-C51C8737DDFD}.Debug|x64.Build.0 = Debug|Any CPU
		{8E0BEC7D-2EE7-4141-8AD8-C51C8737DDFD}.Debug|x86.ActiveCfg = Debug|Any CPU
		{8E0BEC7D-2EE7-4141-8AD8-C51C8737DDFD}.Debug|x86.Build.0 = Debug|Any CPU
		{8E0BEC7D-2EE7-4141-8AD8-C51C8737DDFD}.Release|Any CPU.ActiveCfg = Release|Any CPU
		{8E0BEC7D-2EE7-4141-8AD8-C51C8737DDFD}.Release|Any CPU.Build.0 = Release|Any CPU
		{8E0BEC7D-2EE7-4141-8AD8-C51C8737DDFD}.Release|x64.ActiveCfg = Release|Any CPU
		{8E0BEC7D-2EE7-4141-8AD8-C51C8737DDFD}.Release|x64.Build.0 = Release|Any CPU
		{8E0BEC7D-2EE7-4141-8AD8-C51C8737DDFD}.Release|x86.ActiveCfg = Release|Any CPU
		{8E0BEC7D-2EE7-4141-8AD8-C51C8737DDFD}.Release|x86.Build.0 = Release|Any CPU
		{D69ED942-9971-4F54-884D-4D795F74C6A4}.Debug|Any CPU.ActiveCfg = Debug|Any CPU
		{D69ED942-9971-4F54-884D-4D795F74C6A4}.Debug|Any CPU.Build.0 = Debug|Any CPU
		{D69ED942-9971-4F54-884D-4D795F74C6A4}.Debug|x64.ActiveCfg = Debug|Any CPU
		{D69ED942-9971-4F54-884D-4D795F74C6A4}.Debug|x64.Build.0 = Debug|Any CPU
		{D69ED942-9971-4F54-884D-4D795F74C6A4}.Debug|x86.ActiveCfg = Debug|Any CPU
		{D69ED942-9971-4F54-884D-4D795F74C6A4}.Debug|x86.Build.0 = Debug|Any CPU
		{D69ED942-9971-4F54-884D-4D795F74C6A4}.Release|Any CPU.ActiveCfg = Release|Any CPU
		{D69ED942-9971-4F54-884D-4D795F74C6A4}.Release|Any CPU.Build.0 = Release|Any CPU
		{D69ED942-9971-4F54-884D-4D795F74C6A4}.Release|x64.ActiveCfg = Release|Any CPU
		{D69ED942-9971-4F54-884D-4D795F74C6A4}.Release|x64.Build.0 = Release|Any CPU
		{D69ED942-9971-4F54-884D-4D795F74C6A4}.Release|x86.ActiveCfg = Release|Any CPU
		{D69ED942-9971-4F54-884D-4D795F74C6A4}.Release|x86.Build.0 = Release|Any CPU
		{0D2DEB01-1870-404D-A080-3788B46608D1}.Debug|Any CPU.ActiveCfg = Debug|Any CPU
		{0D2DEB01-1870-404D-A080-3788B46608D1}.Debug|Any CPU.Build.0 = Debug|Any CPU
		{0D2DEB01-1870-404D-A080-3788B46608D1}.Debug|x64.ActiveCfg = Debug|Any CPU
		{0D2DEB01-1870-404D-A080-3788B46608D1}.Debug|x64.Build.0 = Debug|Any CPU
		{0D2DEB01-1870-404D-A080-3788B46608D1}.Debug|x86.ActiveCfg = Debug|Any CPU
		{0D2DEB01-1870-404D-A080-3788B46608D1}.Debug|x86.Build.0 = Debug|Any CPU
		{0D2DEB01-1870-404D-A080-3788B46608D1}.Release|Any CPU.ActiveCfg = Release|Any CPU
		{0D2DEB01-1870-404D-A080-3788B46608D1}.Release|Any CPU.Build.0 = Release|Any CPU
		{0D2DEB01-1870-404D-A080-3788B46608D1}.Release|x64.ActiveCfg = Release|Any CPU
		{0D2DEB01-1870-404D-A080-3788B46608D1}.Release|x64.Build.0 = Release|Any CPU
		{0D2DEB01-1870-404D-A080-3788B46608D1}.Release|x86.ActiveCfg = Release|Any CPU
		{0D2DEB01-1870-404D-A080-3788B46608D1}.Release|x86.Build.0 = Release|Any CPU
	EndGlobalSection
	GlobalSection(SolutionProperties) = preSolution
		HideSolutionNode = FALSE
	EndGlobalSection
	GlobalSection(ExtensibilityGlobals) = postSolution
		SolutionGuid = {01BADA2B-4BE3-418D-9BEA-875FFD9551CE}
	EndGlobalSection
	GlobalSection(Performance) = preSolution
		HasPerformanceSessions = true
	EndGlobalSection
EndGlobal
